github.com/aclements/go-moremath v0.0.0-20210112150236-f10218a38794 h1:xlwdaKcTNVW4PjwxHE+T2qf1QfS5b8zwbK7RKW8zZic=
github.com/aclements/go-moremath v0.0.0-20210112150236-f10218a38794/go.mod h1:7eFp5+qZLmM8RH1wTdxAEGQmy4B1xndM7tB3qYhll48=
github.com/go-sql-driver/mysql v1.7.1 h1:luiCl9J2QXV4ka02h3nul0LB5a2KZrUs7zpB2hVxC5s=
github.com/go-sql-driver/mysql v1.7.1/go.mod h1:OXbVy3sNrnEcxZ28bgIyENdQPOZ1yLa58Z6sqLw+0ls=
github.com/jinzhu/inflection v1.0.0 h1:KOBu+EthT9A1EfBjM+3xZ07zne7t4IFyo1Qgls2HjNc=
github.com/jinzhu/inflection v1.0.0/go.mod h1:h+uFLlag+Qp1Ek3b1F0Z7o8TGDnJ9HXVppldj1oLXso=
github.com/mattn/go-sqlite3 v1.14.22 h1:2g225zddP90aYnEfCgBxYSVnDL7/vrPkuIs42PqCf+0=
github.com/mattn/go-sqlite3 v1.14.22/go.mod h1:Uh1q+B4BYcTPb+yiutZqQWBtZ2fQWJdA3s3IgICYlJ8=
github.com/uptrace/bun v1.2.15 h1:mzD3tEw3Gc70cK5S98H3lbfwQw4e7pY3DnE9n6mIQT0=
github.com/uptrace/bun v1.2.15/go.mod h1:IHkL4J0XHACycVQ4WR8jvPkv9l/j7tKIA0sGRqFHqSk=
github.com/uptrace/bun/dialect/mysqldialect v1.2.15 h1:jNkNQif4A+zKYJ3M0k0Y/6xkJz5WJDdlEd4tGqCAz80=
github.com/uptrace/bun/dialect/mysqldialect v1.2.15/go.mod h1:KGGWkqyb9vYHhJBenb0v23OUI1WZy1HVe4pAPJ+IqJY=
golang.org/x/mod v0.26.0 h1:2gK20Li3B+e+sjQprbKo5VrlcN00bP/hFJdNy3+NJjQ=
golang.org/x/mod v0.26.0/go.mod h1:4F8nKfunt865f3gcEqnO2BUNs2KlrE5bRW8o06ivUXI=
